
Microsoft Visual Studio Solution File, Format Version 12.00
# Visual Studio 15
VisualStudioVersion = 15.0.26730.16
MinimumVisualStudioVersion = 10.0.40219.1
Project("{FAE04EC0-301F-11D3-BF4B-00C04F79EFBC}") = "Fill Up!", "Fill Up!\Fill Up!.csproj", "{D68C2A1C-FE55-4574-8BA8-B733DDAC69E2}"
EndProject
Project("{FAE04EC0-301F-11D3-BF4B-00C04F79EFBC}") = "FillUpTests", "FillUpTests\FillUpTests.csproj", "{18B20F1A-78A8-4F25-8089-3CFF846DBA05}"
EndProject
Global
	GlobalSection(SolutionConfigurationPlatforms) = preSolution
		Debug|Any CPU = Debug|Any CPU
		Release|Any CPU = Release|Any CPU
	EndGlobalSection
	GlobalSection(ProjectConfigurationPlatforms) = postSolution
		{D68C2A1C-FE55-4574-8BA8-B733DDAC69E2}.Debug|Any CPU.ActiveCfg = Debug|Any CPU
		{D68C2A1C-FE55-4574-8BA8-B733DDAC69E2}.Debug|Any CPU.Build.0 = Debug|Any CPU
		{D68C2A1C-FE55-4574-8BA8-B733DDAC69E2}.Release|Any CPU.ActiveCfg = Release|Any CPU
		{D68C2A1C-FE55-4574-8BA8-B733DDAC69E2}.Release|Any CPU.Build.0 = Release|Any CPU
		{18B20F1A-78A8-4F25-8089-3CFF846DBA05}.Debug|Any CPU.ActiveCfg = Debug|Any CPU
		{18B20F1A-78A8-4F25-8089-3CFF846DBA05}.Debug|Any CPU.Build.0 = Debug|Any CPU
		{18B20F1A-78A8-4F25-8089-3CFF846DBA05}.Release|Any CPU.ActiveCfg = Release|Any CPU
		{18B20F1A-78A8-4F25-8089-3CFF846DBA05}.Release|Any CPU.Build.0 = Release|Any CPU
	EndGlobalSection
	GlobalSection(SolutionProperties) = preSolution
		HideSolutionNode = FALSE
	EndGlobalSection
	GlobalSection(ExtensibilityGlobals) = postSolution
		SolutionGuid = {B3E4DE7F-4BFB-4270-9B64-2F51A4978882}
	EndGlobalSection
EndGlobal
