
Microsoft Visual Studio Solution File, Format Version 12.00
# Visual Studio 15
VisualStudioVersion = 15.0.27004.2009
MinimumVisualStudioVersion = 10.0.40219.1
Project("{FAE04EC0-301F-11D3-BF4B-00C04F79EFBC}") = "FillUpApp", "Fill Up App\FillUpApp.csproj", "{24F86ABA-82EC-4D2E-BE67-59A0B4A0ECA2}"
EndProject
Project("{E24C65DC-7377-472B-9ABA-BC803B73C61A}") = "WebService", "http://localhost/WebService", "{1ECC8A3D-8696-424A-A101-AA634B7B3786}"
	ProjectSection(WebsiteProperties) = preProject
		UseIISExpress = "false"
		TargetFrameworkMoniker = ".NETFramework,Version%3Dv4.6.1"
		Debug.AspNetCompiler.VirtualPath = "/WebService"
		Debug.AspNetCompiler.PhysicalPath = "..\..\..\..\..\..\inetpub\wwwroot\WebService\"
		Debug.AspNetCompiler.TargetPath = "PrecompiledWeb\WebService\"
		Debug.AspNetCompiler.Updateable = "true"
		Debug.AspNetCompiler.ForceOverwrite = "true"
		Debug.AspNetCompiler.FixedNames = "false"
		Debug.AspNetCompiler.Debug = "True"
		Release.AspNetCompiler.VirtualPath = "/WebService"
		Release.AspNetCompiler.PhysicalPath = "..\..\..\..\..\..\inetpub\wwwroot\WebService\"
		Release.AspNetCompiler.TargetPath = "PrecompiledWeb\WebService\"
		Release.AspNetCompiler.Updateable = "true"
		Release.AspNetCompiler.ForceOverwrite = "true"
		Release.AspNetCompiler.FixedNames = "false"
		Release.AspNetCompiler.Debug = "False"
		SlnRelativePath = "..\..\..\..\..\..\inetpub\wwwroot\WebService\"
		DefaultWebSiteLanguage = "Visual C#"
	EndProjectSection
EndProject
Project("{E24C65DC-7377-472B-9ABA-BC803B73C61A}") = "WebService", "..\..\WebService\", "{4FDE8693-9A5F-4912-B3B6-7883164573A1}"
	ProjectSection(WebsiteProperties) = preProject
		TargetFrameworkMoniker = ".NETFramework,Version%3Dv4.0"
		Debug.AspNetCompiler.VirtualPath = "/localhost_54318"
		Debug.AspNetCompiler.PhysicalPath = "..\..\WebService\"
		Debug.AspNetCompiler.TargetPath = "PrecompiledWeb\localhost_54318\"
		Debug.AspNetCompiler.Updateable = "true"
		Debug.AspNetCompiler.ForceOverwrite = "true"
		Debug.AspNetCompiler.FixedNames = "false"
		Debug.AspNetCompiler.Debug = "True"
		Release.AspNetCompiler.VirtualPath = "/localhost_54318"
		Release.AspNetCompiler.PhysicalPath = "..\..\WebService\"
		Release.AspNetCompiler.TargetPath = "PrecompiledWeb\localhost_54318\"
		Release.AspNetCompiler.Updateable = "true"
		Release.AspNetCompiler.ForceOverwrite = "true"
		Release.AspNetCompiler.FixedNames = "false"
		Release.AspNetCompiler.Debug = "False"
		VWDPort = "54318"
		SlnRelativePath = "..\..\WebService\"
	EndProjectSection
EndProject
Global
	GlobalSection(SolutionConfigurationPlatforms) = preSolution
		Debug|Any CPU = Debug|Any CPU
		Release|Any CPU = Release|Any CPU
	EndGlobalSection
	GlobalSection(ProjectConfigurationPlatforms) = postSolution
		{24F86ABA-82EC-4D2E-BE67-59A0B4A0ECA2}.Debug|Any CPU.ActiveCfg = Debug|Any CPU
		{24F86ABA-82EC-4D2E-BE67-59A0B4A0ECA2}.Debug|Any CPU.Build.0 = Debug|Any CPU
		{24F86ABA-82EC-4D2E-BE67-59A0B4A0ECA2}.Debug|Any CPU.Deploy.0 = Debug|Any CPU
		{24F86ABA-82EC-4D2E-BE67-59A0B4A0ECA2}.Release|Any CPU.ActiveCfg = Release|Any CPU
		{24F86ABA-82EC-4D2E-BE67-59A0B4A0ECA2}.Release|Any CPU.Build.0 = Release|Any CPU
		{24F86ABA-82EC-4D2E-BE67-59A0B4A0ECA2}.Release|Any CPU.Deploy.0 = Release|Any CPU
		{1ECC8A3D-8696-424A-A101-AA634B7B3786}.Debug|Any CPU.ActiveCfg = Debug|Any CPU
		{1ECC8A3D-8696-424A-A101-AA634B7B3786}.Debug|Any CPU.Build.0 = Debug|Any CPU
		{1ECC8A3D-8696-424A-A101-AA634B7B3786}.Release|Any CPU.ActiveCfg = Debug|Any CPU
		{1ECC8A3D-8696-424A-A101-AA634B7B3786}.Release|Any CPU.Build.0 = Debug|Any CPU
		{4FDE8693-9A5F-4912-B3B6-7883164573A1}.Debug|Any CPU.ActiveCfg = Debug|Any CPU
		{4FDE8693-9A5F-4912-B3B6-7883164573A1}.Debug|Any CPU.Build.0 = Debug|Any CPU
		{4FDE8693-9A5F-4912-B3B6-7883164573A1}.Release|Any CPU.ActiveCfg = Debug|Any CPU
		{4FDE8693-9A5F-4912-B3B6-7883164573A1}.Release|Any CPU.Build.0 = Debug|Any CPU
	EndGlobalSection
	GlobalSection(SolutionProperties) = preSolution
		HideSolutionNode = FALSE
	EndGlobalSection
	GlobalSection(ExtensibilityGlobals) = postSolution
		SolutionGuid = {CCDCE776-F6E0-47A7-A164-8D9D50BBAA2A}
	EndGlobalSection
EndGlobal
