
Microsoft Visual Studio Solution File, Format Version 12.00
# Visual Studio 15
VisualStudioVersion = 15.0.27004.2006
MinimumVisualStudioVersion = 10.0.40219.1
Project("{FAE04EC0-301F-11D3-BF4B-00C04F79EFBC}") = "FillUpApp", "Fill Up App\FillUpApp.csproj", "{24F86ABA-82EC-4D2E-BE67-59A0B4A0ECA2}"
EndProject
Project("{9A19103F-16F7-4668-BE54-9A1E7A4F7556}") = "FillUpWeb", "FillUpWeb\FillUpWeb.csproj", "{AF8A27FC-3D87-4A46-873F-D7BB49AA0C37}"
EndProject
Global
	GlobalSection(SolutionConfigurationPlatforms) = preSolution
		Debug|Any CPU = Debug|Any CPU
		Release|Any CPU = Release|Any CPU
	EndGlobalSection
	GlobalSection(ProjectConfigurationPlatforms) = postSolution
		{24F86ABA-82EC-4D2E-BE67-59A0B4A0ECA2}.Debug|Any CPU.ActiveCfg = Debug|Any CPU
		{24F86ABA-82EC-4D2E-BE67-59A0B4A0ECA2}.Debug|Any CPU.Build.0 = Debug|Any CPU
		{24F86ABA-82EC-4D2E-BE67-59A0B4A0ECA2}.Debug|Any CPU.Deploy.0 = Debug|Any CPU
		{24F86ABA-82EC-4D2E-BE67-59A0B4A0ECA2}.Release|Any CPU.ActiveCfg = Release|Any CPU
		{24F86ABA-82EC-4D2E-BE67-59A0B4A0ECA2}.Release|Any CPU.Build.0 = Release|Any CPU
		{24F86ABA-82EC-4D2E-BE67-59A0B4A0ECA2}.Release|Any CPU.Deploy.0 = Release|Any CPU
		{AF8A27FC-3D87-4A46-873F-D7BB49AA0C37}.Debug|Any CPU.ActiveCfg = Debug|Any CPU
		{AF8A27FC-3D87-4A46-873F-D7BB49AA0C37}.Debug|Any CPU.Build.0 = Debug|Any CPU
		{AF8A27FC-3D87-4A46-873F-D7BB49AA0C37}.Release|Any CPU.ActiveCfg = Release|Any CPU
		{AF8A27FC-3D87-4A46-873F-D7BB49AA0C37}.Release|Any CPU.Build.0 = Release|Any CPU
	EndGlobalSection
	GlobalSection(SolutionProperties) = preSolution
		HideSolutionNode = FALSE
	EndGlobalSection
	GlobalSection(ExtensibilityGlobals) = postSolution
		SolutionGuid = {B3E4DE7F-4BFB-4270-9B64-2F51A4978882}
	EndGlobalSection
EndGlobal
